# This file is generated by running "yarn install" inside your project.
# Manual changes might be lost - proceed with caution!

__metadata:
  version: 6
  cacheKey: 8

"root-workspace-0b6124@workspace:.":
  version: 0.0.0-use.local
  resolution: "root-workspace-0b6124@workspace:."
  dependencies:
    typescript: ^5.3.3
  languageName: unknown
  linkType: soft

"typescript@npm:^5.3.3":
  version: 5.4.2
  resolution: "typescript@npm:5.4.2"
  bin:
    tsc: bin/tsc
    tsserver: bin/tsserver
  checksum: 96d80fde25a09bcb04d399082fb27a808a9e17c2111e43849d2aafbd642d835e4f4ef0de09b0ba795ec2a700be6c4c2c3f62bf4660c05404c948727b5bbfb32a
  languageName: node
  linkType: hard

"typescript@patch:typescript@^5.3.3#~builtin<compat/typescript>":
  version: 5.4.2
  resolution: "typescript@patch:typescript@npm%3A5.4.2#~builtin<compat/typescript>::version=5.4.2&hash=701156"
  bin:
    tsc: bin/tsc
    tsserver: bin/tsserver
  checksum: c1b669146bca5529873aae60870e243fa8140c85f57ca32c42f898f586d73ce4a6b4f6bb02ae312729e214d7f5859a0c70da3e527a116fdf5ad00c9fc733ecc6
  languageName: node
  linkType: hard
