# This file is generated by running "yarn install" inside your project.
# Manual changes might be lost - proceed with caution!

__metadata:
  version: 6
  cacheKey: 8

"root-workspace-0b6124@workspace:.":
  version: 0.0.0-use.local
  resolution: "root-workspace-0b6124@workspace:."
  dependencies:
    typescript: ^5.7.2
  languageName: unknown
  linkType: soft

"typescript@npm:^5.7.2":
  version: 5.7.3
  resolution: "typescript@npm:5.7.3"
  bin:
    tsc: bin/tsc
    tsserver: bin/tsserver
  checksum: 6c38b1e989918e576f0307e6ee013522ea480dfce5f3ca85c9b2d8adb1edeffd37f4f30cd68de0c38a44563d12ba922bdb7e36aa2dac9c51de5d561e6e9a2e9c
  languageName: node
  linkType: hard

"typescript@patch:typescript@^5.7.2#~builtin<compat/typescript>":
  version: 5.7.3
  resolution: "typescript@patch:typescript@npm%3A5.7.3#~builtin<compat/typescript>::version=5.7.3&hash=701156"
  bin:
    tsc: bin/tsc
    tsserver: bin/tsserver
  checksum: 633cd749d6cd7bc842c6b6245847173bba99742a60776fae3c0fbcc0d1733cd51a733995e5f4dadd8afb0e64e57d3c7dbbeae953a072ee303940eca69e22f311
  languageName: node
  linkType: hard
