# This file is generated by running "yarn install" inside your project.
# Manual changes might be lost - proceed with caution!

__metadata:
  version: 6
  cacheKey: 8

"root-workspace-0b6124@workspace:.":
  version: 0.0.0-use.local
  resolution: "root-workspace-0b6124@workspace:."
  dependencies:
    typescript: ^5.6.2
  languageName: unknown
  linkType: soft

"typescript@npm:^5.6.2":
  version: 5.6.2
  resolution: "typescript@npm:5.6.2"
  bin:
    tsc: bin/tsc
    tsserver: bin/tsserver
  checksum: 48777e1dabd9044519f56cd012b0296e3b72bafe12b7e8e34222751d45c67e0eba5387ecdaa6c14a53871a29361127798df6dc8d1d35643a0a47cb0b1c65a33a
  languageName: node
  linkType: hard

"typescript@patch:typescript@^5.6.2#~builtin<compat/typescript>":
  version: 5.6.2
  resolution: "typescript@patch:typescript@npm%3A5.6.2#~builtin<compat/typescript>::version=5.6.2&hash=701156"
  bin:
    tsc: bin/tsc
    tsserver: bin/tsserver
  checksum: c084ee1ab865f108c787e6233a5f63c126c482c0c8e87ec998ac5288a2ad54b603e1ea8b8b272355823b833eb31b9fabb99e8c6152283e1cb47e3a76bd6faf6c
  languageName: node
  linkType: hard
