# This file is generated by running "yarn install" inside your project.
# Manual changes might be lost - proceed with caution!

__metadata:
  version: 6
  cacheKey: 8

"@babel/helper-plugin-utils@npm:^7.25.9":
  version: 7.25.9
  resolution: "@babel/helper-plugin-utils@npm:7.25.9"
  checksum: e19ec8acf0b696756e6d84531f532c5fe508dce57aa68c75572a77798bd04587a844a9a6c8ea7d62d673e21fdc174d091c9097fb29aea1c1b49f9c6eaa80f022
  languageName: node
  linkType: hard

"@babel/helper-validator-option@npm:^7.25.9":
  version: 7.25.9
  resolution: "@babel/helper-validator-option@npm:7.25.9"
  checksum: 9491b2755948ebbdd68f87da907283698e663b5af2d2b1b02a2765761974b1120d5d8d49e9175b167f16f72748ffceec8c9cf62acfbee73f4904507b246e2b3d
  languageName: node
  linkType: hard

"@babel/plugin-syntax-flow@npm:^7.25.9":
  version: 7.26.0
  resolution: "@babel/plugin-syntax-flow@npm:7.26.0"
  dependencies:
    "@babel/helper-plugin-utils": ^7.25.9
  peerDependencies:
    "@babel/core": ^7.0.0-0
  checksum: fdc0d0a7b512e00d933e12cf93c785ea4645a193f4b539230b7601cfaa8c704410199318ce9ea14e5fca7d13e9027822f7d81a7871d3e854df26b6af04cc3c6c
  languageName: node
  linkType: hard

"@babel/plugin-transform-flow-strip-types@npm:^7.25.9":
  version: 7.25.9
  resolution: "@babel/plugin-transform-flow-strip-types@npm:7.25.9"
  dependencies:
    "@babel/helper-plugin-utils": ^7.25.9
    "@babel/plugin-syntax-flow": ^7.25.9
  peerDependencies:
    "@babel/core": ^7.0.0-0
  checksum: 7f51cd5cc0c3a5ce2fe31c689458706ed40284a1c59b017167c3cbef953550a843450c5cfe6896b154fb645f141a930a4fd925f46b2215d0fcc66e7758202c38
  languageName: node
  linkType: hard

"@babel/preset-flow@npm:^7.25.9":
  version: 7.25.9
  resolution: "@babel/preset-flow@npm:7.25.9"
  dependencies:
    "@babel/helper-plugin-utils": ^7.25.9
    "@babel/helper-validator-option": ^7.25.9
    "@babel/plugin-transform-flow-strip-types": ^7.25.9
  peerDependencies:
    "@babel/core": ^7.0.0-0
  checksum: b1591ea63a7ace7e34bcefa6deba9e2814d7f082e3c074e2648efb68a1a49016ccefbea024156ba28bd3042a4e768e3eb8b5ecfe433978144fdaaadd36203ba2
  languageName: node
  linkType: hard

"root-workspace-0b6124@workspace:.":
  version: 0.0.0-use.local
  resolution: "root-workspace-0b6124@workspace:."
  dependencies:
    "@babel/preset-flow": ^7.25.9
  languageName: unknown
  linkType: soft
