# This file is generated by running "yarn install" inside your project.
# Manual changes might be lost - proceed with caution!

__metadata:
  version: 6
  cacheKey: 8

"root-workspace-0b6124@workspace:.":
  version: 0.0.0-use.local
  resolution: "root-workspace-0b6124@workspace:."
  dependencies:
    typescript: ^5.4.2
  languageName: unknown
  linkType: soft

"typescript@npm:^5.4.2":
  version: 5.4.3
  resolution: "typescript@npm:5.4.3"
  bin:
    tsc: bin/tsc
    tsserver: bin/tsserver
  checksum: d74d731527e35e64d8d2dcf2f897cf8cfbc3428be0ad7c48434218ba4ae41239f53be7c90714089db1068c05cae22436af2ecba71fd36ecc5e7a9118af060198
  languageName: node
  linkType: hard

"typescript@patch:typescript@^5.4.2#~builtin<compat/typescript>":
  version: 5.4.3
  resolution: "typescript@patch:typescript@npm%3A5.4.3#~builtin<compat/typescript>::version=5.4.3&hash=701156"
  bin:
    tsc: bin/tsc
    tsserver: bin/tsserver
  checksum: 3a62fe90aa79d68c9ce38ea5edb2957e62801c733b99f0e5a2b8b50922761f68f7d9a40d28c544b449866e81185cddb93cba2496d0ff3fa52ef5b1f8bcace38c
  languageName: node
  linkType: hard
