# This file is generated by running "yarn install" inside your project.
# Manual changes might be lost - proceed with caution!

__metadata:
  version: 6
  cacheKey: 8

"root-workspace-0b6124@workspace:.":
  version: 0.0.0-use.local
  resolution: "root-workspace-0b6124@workspace:."
  dependencies:
    typescript: ^5.5.3
  languageName: unknown
  linkType: soft

"typescript@npm:^5.5.3":
  version: 5.5.3
  resolution: "typescript@npm:5.5.3"
  bin:
    tsc: bin/tsc
    tsserver: bin/tsserver
  checksum: 4b4f14313484d5c86064d04ba892544801fa551f5cf72719b540b498056fec7fc192d0bbdb2ba1448e759b1548769956da9e43e7c16781e8d8856787b0575004
  languageName: node
  linkType: hard

"typescript@patch:typescript@^5.5.3#~builtin<compat/typescript>":
  version: 5.5.3
  resolution: "typescript@patch:typescript@npm%3A5.5.3#~builtin<compat/typescript>::version=5.5.3&hash=701156"
  bin:
    tsc: bin/tsc
    tsserver: bin/tsserver
  checksum: 6853be4607706cc1ad2f16047cf1cd72d39f79acd5f9716e1d23bc0e462c7f59be7458fe58a21665e7657a05433d7ab8419d093a5a4bd5f3a33f879b35d2769b
  languageName: node
  linkType: hard
